
Microsoft Visual Studio Solution File, Format Version 12.00
# Visual Studio Version 16
VisualStudioVersion = 16.0.32002.261
MinimumVisualStudioVersion = 10.0.40219.1
Project("{FAE04EC0-301F-11D3-BF4B-00C04F79EFBC}") = "BRX_PluginDotNetTest", "BRX_ArcGis\BRX_ArcGis.csproj", "{4535B655-D09C-48FC-BCE4-00AA6AAABCA2}"
EndProject
Global
	GlobalSection(SolutionConfigurationPlatforms) = preSolution
		Debug|Any CPU = Debug|Any CPU
		Release|Any CPU = Release|Any CPU
	EndGlobalSection
	GlobalSection(ProjectConfigurationPlatforms) = postSolution
		{4535B655-D09C-48FC-BCE4-00AA6AAABCA2}.Debug|Any CPU.ActiveCfg = Debug|Any CPU
		{4535B655-D09C-48FC-BCE4-00AA6AAABCA2}.Debug|Any CPU.Build.0 = Debug|Any CPU
		{4535B655-D09C-48FC-BCE4-00AA6AAABCA2}.Release|Any CPU.ActiveCfg = Release|Any CPU
		{4535B655-D09C-48FC-BCE4-00AA6AAABCA2}.Release|Any CPU.Build.0 = Release|Any CPU
	EndGlobalSection
	GlobalSection(SolutionProperties) = preSolution
		HideSolutionNode = FALSE
	EndGlobalSection
	GlobalSection(ExtensibilityGlobals) = postSolution
		SolutionGuid = {4989238C-2DA4-4E6B-BB28-FACE5E2627D5}
	EndGlobalSection
EndGlobal
